dependencies:
- name: prometheus
  repository: https://kubernetes-charts.storage.googleapis.com
  version: 10.5.2
- name: grafana
  repository: https://kubernetes-charts.storage.googleapis.com
  version: 5.0.3
digest: sha256:60d741ffec2708a5b3bb64f154f9e0e45c1be4c052019203fcea7b4bfe0e9bdc
generated: "2020-03-02T11:06:59.641525Z"
