dependencies:
- name: prometheus
  repository: https://prometheus-community.github.io/helm-charts
  version: 10.5.2
- name: grafana
  repository: https://grafana.github.io/helm-charts
  version: 5.0.3
digest: sha256:8fe05e810d3abd62c321c2f799eaec72856f597dba628dac427d059bbc0341f4
generated: "2021-01-08T11:42:34.619551Z"
